// !$*UTF8*$!
{
	archiveVersion = 1;
	classes = {
	};
	objectVersion = 50;
	objects = {

/* Begin PBXBuildFile section */
		8430553C259B6BF100DB5520 /* AppDelegate.swift in Sources */ = {isa = PBXBuildFile; fileRef = 8430553B259B6BF100DB5520 /* AppDelegate.swift */; };
		8430553E259B6BF100DB5520 /* SceneDelegate.swift in Sources */ = {isa = PBXBuildFile; fileRef = 8430553D259B6BF100DB5520 /* SceneDelegate.swift */; };
		84305540259B6BF100DB5520 /* ContentView.swift in Sources */ = {isa = PBXBuildFile; fileRef = 8430553F259B6BF100DB5520 /* ContentView.swift */; };
		84305542259B6BF200DB5520 /* Assets.xcassets in Resources */ = {isa = PBXBuildFile; fileRef = 84305541259B6BF200DB5520 /* Assets.xcassets */; };
		84305545259B6BF200DB5520 /* Preview Assets.xcassets in Resources */ = {isa = PBXBuildFile; fileRef = 84305544259B6BF200DB5520 /* Preview Assets.xcassets */; };
		84305548259B6BF200DB5520 /* LaunchScreen.storyboard in Resources */ = {isa = PBXBuildFile; fileRef = 84305546259B6BF200DB5520 /* LaunchScreen.storyboard */; };
		84305553259B6BF300DB5520 /* SecondTests.swift in Sources */ = {isa = PBXBuildFile; fileRef = 84305552259B6BF300DB5520 /* SecondTests.swift */; };
		8430555E259B6BF300DB5520 /* SecondUITests.swift in Sources */ = {isa = PBXBuildFile; fileRef = 8430555D259B6BF300DB5520 /* SecondUITests.swift */; };
/* End PBXBuildFile section */

/* Begin PBXContainerItemProxy section */
		8430554F259B6BF200DB5520 /* PBXContainerItemProxy */ = {
			isa = PBXContainerItemProxy;
			containerPortal = 84305530259B6BF100DB5520 /* Project object */;
			proxyType = 1;
			remoteGlobalIDString = 84305537259B6BF100DB5520;
			remoteInfo = Second;
		};
		8430555A259B6BF300DB5520 /* PBXContainerItemProxy */ = {
			isa = PBXContainerItemProxy;
			containerPortal = 84305530259B6BF100DB5520 /* Project object */;
			proxyType = 1;
			remoteGlobalIDString = 84305537259B6BF100DB5520;
			remoteInfo = Second;
		};
/* End PBXContainerItemProxy section */

/* Begin PBXFileReference section */
		84305538259B6BF100DB5520 /* Second.app */ = {isa = PBXFileReference; explicitFileType = wrapper.application; includeInIndex = 0; path = Second.app; sourceTree = BUILT_PRODUCTS_DIR; };
		8430553B259B6BF100DB5520 /* AppDelegate.swift */ = {isa = PBXFileReference; lastKnownFileType = sourcecode.swift; path = AppDelegate.swift; sourceTree = "<group>"; };
		8430553D259B6BF100DB5520 /* SceneDelegate.swift */ = {isa = PBXFileReference; lastKnownFileType = sourcecode.swift; path = SceneDelegate.swift; sourceTree = "<group>"; };
		8430553F259B6BF100DB5520 /* ContentView.swift */ = {isa = PBXFileReference; lastKnownFileType = sourcecode.swift; path = ContentView.swift; sourceTree = "<group>"; };
		84305541259B6BF200DB5520 /* Assets.xcassets */ = {isa = PBXFileReference; lastKnownFileType = folder.assetcatalog; path = Assets.xcassets; sourceTree = "<group>"; };
		84305544259B6BF200DB5520 /* Preview Assets.xcassets */ = {isa = PBXFileReference; lastKnownFileType = folder.assetcatalog; path = "Preview Assets.xcassets"; sourceTree = "<group>"; };
		84305547259B6BF200DB5520 /* Base */ = {isa = PBXFileReference; lastKnownFileType = file.storyboard; name = Base; path = Base.lproj/LaunchScreen.storyboard; sourceTree = "<group>"; };
		84305549259B6BF200DB5520 /* Info.plist */ = {isa = PBXFileReference; lastKnownFileType = text.plist.xml; path = Info.plist; sourceTree = "<group>"; };
		8430554E259B6BF200DB5520 /* SecondTests.xctest */ = {isa = PBXFileReference; explicitFileType = wrapper.cfbundle; includeInIndex = 0; path = SecondTests.xctest; sourceTree = BUILT_PRODUCTS_DIR; };
		84305552259B6BF300DB5520 /* SecondTests.swift */ = {isa = PBXFileReference; lastKnownFileType = sourcecode.swift; path = SecondTests.swift; sourceTree = "<group>"; };
		84305554259B6BF300DB5520 /* Info.plist */ = {isa = PBXFileReference; lastKnownFileType = text.plist.xml; path = Info.plist; sourceTree = "<group>"; };
		84305559259B6BF300DB5520 /* SecondUITests.xctest */ = {isa = PBXFileReference; explicitFileType = wrapper.cfbundle; includeInIndex = 0; path = SecondUITests.xctest; sourceTree = BUILT_PRODUCTS_DIR; };
		8430555D259B6BF300DB5520 /* SecondUITests.swift */ = {isa = PBXFileReference; lastKnownFileType = sourcecode.swift; path = SecondUITests.swift; sourceTree = "<group>"; };
		8430555F259B6BF300DB5520 /* Info.plist */ = {isa = PBXFileReference; lastKnownFileType = text.plist.xml; path = Info.plist; sourceTree = "<group>"; };
/* End PBXFileReference section */

/* Begin PBXFrameworksBuildPhase section */
		84305535259B6BF100DB5520 /* Frameworks */ = {
			isa = PBXFrameworksBuildPhase;
			buildActionMask = 2147483647;
			files = (
			);
			runOnlyForDeploymentPostprocessing = 0;
		};
		8430554B259B6BF200DB5520 /* Frameworks */ = {
			isa = PBXFrameworksBuildPhase;
			buildActionMask = 2147483647;
			files = (
			);
			runOnlyForDeploymentPostprocessing = 0;
		};
		84305556259B6BF300DB5520 /* Frameworks */ = {
			isa = PBXFrameworksBuildPhase;
			buildActionMask = 2147483647;
			files = (
			);
			runOnlyForDeploymentPostprocessing = 0;
		};
/* End PBXFrameworksBuildPhase section */

/* Begin PBXGroup section */
		8430552F259B6BF100DB5520 = {
			isa = PBXGroup;
			children = (
				8430553A259B6BF100DB5520 /* Second */,
				84305551259B6BF300DB5520 /* SecondTests */,
				8430555C259B6BF300DB5520 /* SecondUITests */,
				84305539259B6BF100DB5520 /* Products */,
			);
			sourceTree = "<group>";
		};
		84305539259B6BF100DB5520 /* Products */ = {
			isa = PBXGroup;
			children = (
				84305538259B6BF100DB5520 /* Second.app */,
				8430554E259B6BF200DB5520 /* SecondTests.xctest */,
				84305559259B6BF300DB5520 /* SecondUITests.xctest */,
			);
			name = Products;
			sourceTree = "<group>";
		};
		8430553A259B6BF100DB5520 /* Second */ = {
			isa = PBXGroup;
			children = (
				8430553B259B6BF100DB5520 /* AppDelegate.swift */,
				8430553D259B6BF100DB5520 /* SceneDelegate.swift */,
				8430553F259B6BF100DB5520 /* ContentView.swift */,
				84305541259B6BF200DB5520 /* Assets.xcassets */,
				84305546259B6BF200DB5520 /* LaunchScreen.storyboard */,
				84305549259B6BF200DB5520 /* Info.plist */,
				84305543259B6BF200DB5520 /* Preview Content */,
			);
			path = Second;
			sourceTree = "<group>";
		};
		84305543259B6BF200DB5520 /* Preview Content */ = {
			isa = PBXGroup;
			children = (
				84305544259B6BF200DB5520 /* Preview Assets.xcassets */,
			);
			path = "Preview Content";
			sourceTree = "<group>";
		};
		84305551259B6BF300DB5520 /* SecondTests */ = {
			isa = PBXGroup;
			children = (
				84305552259B6BF300DB5520 /* SecondTests.swift */,
				84305554259B6BF300DB5520 /* Info.plist */,
			);
			path = SecondTests;
			sourceTree = "<group>";
		};
		8430555C259B6BF300DB5520 /* SecondUITests */ = {
			isa = PBXGroup;
			children = (
				8430555D259B6BF300DB5520 /* SecondUITests.swift */,
				8430555F259B6BF300DB5520 /* Info.plist */,
			);
			path = SecondUITests;
			sourceTree = "<group>";
		};
/* End PBXGroup section */

/* Begin PBXNativeTarget section */
		84305537259B6BF100DB5520 /* Second */ = {
			isa = PBXNativeTarget;
			buildConfigurationList = 84305562259B6BF300DB5520 /* Build configuration list for PBXNativeTarget "Second" */;
			buildPhases = (
				84305534259B6BF100DB5520 /* Sources */,
				84305535259B6BF100DB5520 /* Frameworks */,
				84305536259B6BF100DB5520 /* Resources */,
			);
			buildRules = (
			);
			dependencies = (
			);
			name = Second;
			productName = Second;
			productReference = 84305538259B6BF100DB5520 /* Second.app */;
			productType = "com.apple.product-type.application";
		};
		8430554D259B6BF200DB5520 /* SecondTests */ = {
			isa = PBXNativeTarget;
			buildConfigurationList = 84305565259B6BF300DB5520 /* Build configuration list for PBXNativeTarget "SecondTests" */;
			buildPhases = (
				8430554A259B6BF200DB5520 /* Sources */,
				8430554B259B6BF200DB5520 /* Frameworks */,
				8430554C259B6BF200DB5520 /* Resources */,
			);
			buildRules = (
			);
			dependencies = (
				84305550259B6BF200DB5520 /* PBXTargetDependency */,
			);
			name = SecondTests;
			productName = SecondTests;
			productReference = 8430554E259B6BF200DB5520 /* SecondTests.xctest */;
			productType = "com.apple.product-type.bundle.unit-test";
		};
		84305558259B6BF300DB5520 /* SecondUITests */ = {
			isa = PBXNativeTarget;
			buildConfigurationList = 84305568259B6BF300DB5520 /* Build configuration list for PBXNativeTarget "SecondUITests" */;
			buildPhases = (
				84305555259B6BF300DB5520 /* Sources */,
				84305556259B6BF300DB5520 /* Frameworks */,
				84305557259B6BF300DB5520 /* Resources */,
			);
			buildRules = (
			);
			dependencies = (
				8430555B259B6BF300DB5520 /* PBXTargetDependency */,
			);
			name = SecondUITests;
			productName = SecondUITests;
			productReference = 84305559259B6BF300DB5520 /* SecondUITests.xctest */;
			productType = "com.apple.product-type.bundle.ui-testing";
		};
/* End PBXNativeTarget section */

/* Begin PBXProject section */
		84305530259B6BF100DB5520 /* Project object */ = {
			isa = PBXProject;
			attributes = {
				LastSwiftUpdateCheck = 1230;
				LastUpgradeCheck = 1230;
				TargetAttributes = {
					84305537259B6BF100DB5520 = {
						CreatedOnToolsVersion = 12.3;
					};
					8430554D259B6BF200DB5520 = {
						CreatedOnToolsVersion = 12.3;
						TestTargetID = 84305537259B6BF100DB5520;
					};
					84305558259B6BF300DB5520 = {
						CreatedOnToolsVersion = 12.3;
						TestTargetID = 84305537259B6BF100DB5520;
					};
				};
			};
			buildConfigurationList = 84305533259B6BF100DB5520 /* Build configuration list for PBXProject "Second" */;
			compatibilityVersion = "Xcode 9.3";
			developmentRegion = en;
			hasScannedForEncodings = 0;
			knownRegions = (
				en,
				Base,
			);
			mainGroup = 8430552F259B6BF100DB5520;
			productRefGroup = 84305539259B6BF100DB5520 /* Products */;
			projectDirPath = "";
			projectRoot = "";
			targets = (
				84305537259B6BF100DB5520 /* Second */,
				8430554D259B6BF200DB5520 /* SecondTests */,
				84305558259B6BF300DB5520 /* SecondUITests */,
			);
		};
/* End PBXProject section */

/* Begin PBXResourcesBuildPhase section */
		84305536259B6BF100DB5520 /* Resources */ = {
			isa = PBXResourcesBuildPhase;
			buildActionMask = 2147483647;
			files = (
				84305548259B6BF200DB5520 /* LaunchScreen.storyboard in Resources */,
				84305545259B6BF200DB5520 /* Preview Assets.xcassets in Resources */,
				84305542259B6BF200DB5520 /* Assets.xcassets in Resources */,
			);
			runOnlyForDeploymentPostprocessing = 0;
		};
		8430554C259B6BF200DB5520 /* Resources */ = {
			isa = PBXResourcesBuildPhase;
			buildActionMask = 2147483647;
			files = (
			);
			runOnlyForDeploymentPostprocessing = 0;
		};
		84305557259B6BF300DB5520 /* Resources */ = {
			isa = PBXResourcesBuildPhase;
			buildActionMask = 2147483647;
			files = (
			);
			runOnlyForDeploymentPostprocessing = 0;
		};
/* End PBXResourcesBuildPhase section */

/* Begin PBXSourcesBuildPhase section */
		84305534259B6BF100DB5520 /* Sources */ = {
			isa = PBXSourcesBuildPhase;
			buildActionMask = 2147483647;
			files = (
				8430553C259B6BF100DB5520 /* AppDelegate.swift in Sources */,
				8430553E259B6BF100DB5520 /* SceneDelegate.swift in Sources */,
				84305540259B6BF100DB5520 /* ContentView.swift in Sources */,
			);
			runOnlyForDeploymentPostprocessing = 0;
		};
		8430554A259B6BF200DB5520 /* Sources */ = {
			isa = PBXSourcesBuildPhase;
			buildActionMask = 2147483647;
			files = (
				84305553259B6BF300DB5520 /* SecondTests.swift in Sources */,
			);
			runOnlyForDeploymentPostprocessing = 0;
		};
		84305555259B6BF300DB5520 /* Sources */ = {
			isa = PBXSourcesBuildPhase;
			buildActionMask = 2147483647;
			files = (
				8430555E259B6BF300DB5520 /* SecondUITests.swift in Sources */,
			);
			runOnlyForDeploymentPostprocessing = 0;
		};
/* End PBXSourcesBuildPhase section */

/* Begin PBXTargetDependency section */
		84305550259B6BF200DB5520 /* PBXTargetDependency */ = {
			isa = PBXTargetDependency;
			target = 84305537259B6BF100DB5520 /* Second */;
			targetProxy = 8430554F259B6BF200DB5520 /* PBXContainerItemProxy */;
		};
		8430555B259B6BF300DB5520 /* PBXTargetDependency */ = {
			isa = PBXTargetDependency;
			target = 84305537259B6BF100DB5520 /* Second */;
			targetProxy = 8430555A259B6BF300DB5520 /* PBXContainerItemProxy */;
		};
/* End PBXTargetDependency section */

/* Begin PBXVariantGroup section */
		84305546259B6BF200DB5520 /* LaunchScreen.storyboard */ = {
			isa = PBXVariantGroup;
			children = (
				84305547259B6BF200DB5520 /* Base */,
			);
			name = LaunchScreen.storyboard;
			sourceTree = "<group>";
		};
/* End PBXVariantGroup section */

/* Begin XCBuildConfiguration section */
		84305560259B6BF300DB5520 /* Debug */ = {
			isa = XCBuildConfiguration;
			buildSettings = {
				ALWAYS_SEARCH_USER_PATHS = NO;
				CLANG_ANALYZER_NONNULL = YES;
				CLANG_ANALYZER_NUMBER_OBJECT_CONVERSION = YES_AGGRESSIVE;
				CLANG_CXX_LANGUAGE_STANDARD = "gnu++14";
				CLANG_CXX_LIBRARY = "libc++";
				CLANG_ENABLE_MODULES = YES;
				CLANG_ENABLE_OBJC_ARC = YES;
				CLANG_ENABLE_OBJC_WEAK = YES;
				CLANG_WARN_BLOCK_CAPTURE_AUTORELEASING = YES;
				CLANG_WARN_BOOL_CONVERSION = YES;
				CLANG_WARN_COMMA = YES;
				CLANG_WARN_CONSTANT_CONVERSION = YES;
				CLANG_WARN_DEPRECATED_OBJC_IMPLEMENTATIONS = YES;
				CLANG_WARN_DIRECT_OBJC_ISA_USAGE = YES_ERROR;
				CLANG_WARN_DOCUMENTATION_COMMENTS = YES;
				CLANG_WARN_EMPTY_BODY = YES;
				CLANG_WARN_ENUM_CONVERSION = YES;
				CLANG_WARN_INFINITE_RECURSION = YES;
				CLANG_WARN_INT_CONVERSION = YES;
				CLANG_WARN_NON_LITERAL_NULL_CONVERSION = YES;
				CLANG_WARN_OBJC_IMPLICIT_RETAIN_SELF = YES;
				CLANG_WARN_OBJC_LITERAL_CONVERSION = YES;
				CLANG_WARN_OBJC_ROOT_CLASS = YES_ERROR;
				CLANG_WARN_QUOTED_INCLUDE_IN_FRAMEWORK_HEADER = YES;
				CLANG_WARN_RANGE_LOOP_ANALYSIS = YES;
				CLANG_WARN_STRICT_PROTOTYPES = YES;
				CLANG_WARN_SUSPICIOUS_MOVE = YES;
				CLANG_WARN_UNGUARDED_AVAILABILITY = YES_AGGRESSIVE;
				CLANG_WARN_UNREACHABLE_CODE = YES;
				CLANG_WARN__DUPLICATE_METHOD_MATCH = YES;
				COPY_PHASE_STRIP = NO;
				DEBUG_INFORMATION_FORMAT = dwarf;
				ENABLE_STRICT_OBJC_MSGSEND = YES;
				ENABLE_TESTABILITY = YES;
				GCC_C_LANGUAGE_STANDARD = gnu11;
				GCC_DYNAMIC_NO_PIC = NO;
				GCC_NO_COMMON_BLOCKS = YES;
				GCC_OPTIMIZATION_LEVEL = 0;
				GCC_PREPROCESSOR_DEFINITIONS = (
					"DEBUG=1",
					"$(inherited)",
				);
				GCC_WARN_64_TO_32_BIT_CONVERSION = YES;
				GCC_WARN_ABOUT_RETURN_TYPE = YES_ERROR;
				GCC_WARN_UNDECLARED_SELECTOR = YES;
				GCC_WARN_UNINITIALIZED_AUTOS = YES_AGGRESSIVE;
				GCC_WARN_UNUSED_FUNCTION = YES;
				GCC_WARN_UNUSED_VARIABLE = YES;
				IPHONEOS_DEPLOYMENT_TARGET = 14.3;
				MTL_ENABLE_DEBUG_INFO = INCLUDE_SOURCE;
				MTL_FAST_MATH = YES;
				ONLY_ACTIVE_ARCH = YES;
				SDKROOT = iphoneos;
				SWIFT_ACTIVE_COMPILATION_CONDITIONS = DEBUG;
				SWIFT_OPTIMIZATION_LEVEL = "-Onone";
			};
			name = Debug;
		};
		84305561259B6BF300DB5520 /* Release */ = {
			isa = XCBuildConfiguration;
			buildSettings = {
				ALWAYS_SEARCH_USER_PATHS = NO;
				CLANG_ANALYZER_NONNULL = YES;
				CLANG_ANALYZER_NUMBER_OBJECT_CONVERSION = YES_AGGRESSIVE;
				CLANG_CXX_LANGUAGE_STANDARD = "gnu++14";
				CLANG_CXX_LIBRARY = "libc++";
				CLANG_ENABLE_MODULES = YES;
				CLANG_ENABLE_OBJC_ARC = YES;
				CLANG_ENABLE_OBJC_WEAK = YES;
				CLANG_WARN_BLOCK_CAPTURE_AUTORELEASING = YES;
				CLANG_WARN_BOOL_CONVERSION = YES;
				CLANG_WARN_COMMA = YES;
				CLANG_WARN_CONSTANT_CONVERSION = YES;
				CLANG_WARN_DEPRECATED_OBJC_IMPLEMENTATIONS = YES;
				CLANG_WARN_DIRECT_OBJC_ISA_USAGE = YES_ERROR;
				CLANG_WARN_DOCUMENTATION_COMMENTS = YES;
				CLANG_WARN_EMPTY_BODY = YES;
				CLANG_WARN_ENUM_CONVERSION = YES;
				CLANG_WARN_INFINITE_RECURSION = YES;
				CLANG_WARN_INT_CONVERSION = YES;
				CLANG_WARN_NON_LITERAL_NULL_CONVERSION = YES;
				CLANG_WARN_OBJC_IMPLICIT_RETAIN_SELF = YES;
				CLANG_WARN_OBJC_LITERAL_CONVERSION = YES;
				CLANG_WARN_OBJC_ROOT_CLASS = YES_ERROR;
				CLANG_WARN_QUOTED_INCLUDE_IN_FRAMEWORK_HEADER = YES;
				CLANG_WARN_RANGE_LOOP_ANALYSIS = YES;
				CLANG_WARN_STRICT_PROTOTYPES = YES;
				CLANG_WARN_SUSPICIOUS_MOVE = YES;
				CLANG_WARN_UNGUARDED_AVAILABILITY = YES_AGGRESSIVE;
				CLANG_WARN_UNREACHABLE_CODE = YES;
				CLANG_WARN__DUPLICATE_METHOD_MATCH = YES;
				COPY_PHASE_STRIP = NO;
				DEBUG_INFORMATION_FORMAT = "dwarf-with-dsym";
				ENABLE_NS_ASSERTIONS = NO;
				ENABLE_STRICT_OBJC_MSGSEND = YES;
				GCC_C_LANGUAGE_STANDARD = gnu11;
				GCC_NO_COMMON_BLOCKS = YES;
				GCC_WARN_64_TO_32_BIT_CONVERSION = YES;
				GCC_WARN_ABOUT_RETURN_TYPE = YES_ERROR;
				GCC_WARN_UNDECLARED_SELECTOR = YES;
				GCC_WARN_UNINITIALIZED_AUTOS = YES_AGGRESSIVE;
				GCC_WARN_UNUSED_FUNCTION = YES;
				GCC_WARN_UNUSED_VARIABLE = YES;
				IPHONEOS_DEPLOYMENT_TARGET = 14.3;
				MTL_ENABLE_DEBUG_INFO = NO;
				MTL_FAST_MATH = YES;
				SDKROOT = iphoneos;
				SWIFT_COMPILATION_MODE = wholemodule;
				SWIFT_OPTIMIZATION_LEVEL = "-O";
				VALIDATE_PRODUCT = YES;
			};
			name = Release;
		};
		84305563259B6BF300DB5520 /* Debug */ = {
			isa = XCBuildConfiguration;
			buildSettings = {
				ASSETCATALOG_COMPILER_APPICON_NAME = AppIcon;
				ASSETCATALOG_COMPILER_GLOBAL_ACCENT_COLOR_NAME = AccentColor;
				CODE_SIGN_STYLE = Automatic;
				DEVELOPMENT_ASSET_PATHS = "\"Second/Preview Content\"";
				ENABLE_PREVIEWS = YES;
				INFOPLIST_FILE = Second/Info.plist;
				LD_RUNPATH_SEARCH_PATHS = (
					"$(inherited)",
					"@executable_path/Frameworks",
				);
				PRODUCT_BUNDLE_IDENTIFIER = stiwhuuysinc.Second;
				PRODUCT_NAME = "$(TARGET_NAME)";
				SWIFT_VERSION = 5.0;
				TARGETED_DEVICE_FAMILY = "1,2";
			};
			name = Debug;
		};
		84305564259B6BF300DB5520 /* Release */ = {
			isa = XCBuildConfiguration;
			buildSettings = {
				ASSETCATALOG_COMPILER_APPICON_NAME = AppIcon;
				ASSETCATALOG_COMPILER_GLOBAL_ACCENT_COLOR_NAME = AccentColor;
				CODE_SIGN_STYLE = Automatic;
				DEVELOPMENT_ASSET_PATHS = "\"Second/Preview Content\"";
				ENABLE_PREVIEWS = YES;
				INFOPLIST_FILE = Second/Info.plist;
				LD_RUNPATH_SEARCH_PATHS = (
					"$(inherited)",
					"@executable_path/Frameworks",
				);
				PRODUCT_BUNDLE_IDENTIFIER = stiwhuuysinc.Second;
				PRODUCT_NAME = "$(TARGET_NAME)";
				SWIFT_VERSION = 5.0;
				TARGETED_DEVICE_FAMILY = "1,2";
			};
			name = Release;
		};
		84305566259B6BF300DB5520 /* Debug */ = {
			isa = XCBuildConfiguration;
			buildSettings = {
				ALWAYS_EMBED_SWIFT_STANDARD_LIBRARIES = YES;
				BUNDLE_LOADER = "$(TEST_HOST)";
				CODE_SIGN_STYLE = Automatic;
				INFOPLIST_FILE = SecondTests/Info.plist;
				IPHONEOS_DEPLOYMENT_TARGET = 14.3;
				LD_RUNPATH_SEARCH_PATHS = (
					"$(inherited)",
					"@executable_path/Frameworks",
					"@loader_path/Frameworks",
				);
				PRODUCT_BUNDLE_IDENTIFIER = stiwhuuysinc.SecondTests;
				PRODUCT_NAME = "$(TARGET_NAME)";
				SWIFT_VERSION = 5.0;
				TARGETED_DEVICE_FAMILY = "1,2";
				TEST_HOST = "$(BUILT_PRODUCTS_DIR)/Second.app/Second";
			};
			name = Debug;
		};
		84305567259B6BF300DB5520 /* Release */ = {
			isa = XCBuildConfiguration;
			buildSettings = {
				ALWAYS_EMBED_SWIFT_STANDARD_LIBRARIES = YES;
				BUNDLE_LOADER = "$(TEST_HOST)";
				CODE_SIGN_STYLE = Automatic;
				INFOPLIST_FILE = SecondTests/Info.plist;
				IPHONEOS_DEPLOYMENT_TARGET = 14.3;
				LD_RUNPATH_SEARCH_PATHS = (
					"$(inherited)",
					"@executable_path/Frameworks",
					"@loader_path/Frameworks",
				);
				PRODUCT_BUNDLE_IDENTIFIER = stiwhuuysinc.SecondTests;
				PRODUCT_NAME = "$(TARGET_NAME)";
				SWIFT_VERSION = 5.0;
				TARGETED_DEVICE_FAMILY = "1,2";
				TEST_HOST = "$(BUILT_PRODUCTS_DIR)/Second.app/Second";
			};
			name = Release;
		};
		84305569259B6BF300DB5520 /* Debug */ = {
			isa = XCBuildConfiguration;
			buildSettings = {
				ALWAYS_EMBED_SWIFT_STANDARD_LIBRARIES = YES;
				CODE_SIGN_STYLE = Automatic;
				INFOPLIST_FILE = SecondUITests/Info.plist;
				LD_RUNPATH_SEARCH_PATHS = (
					"$(inherited)",
					"@executable_path/Frameworks",
					"@loader_path/Frameworks",
				);
				PRODUCT_BUNDLE_IDENTIFIER = stiwhuuysinc.SecondUITests;
				PRODUCT_NAME = "$(TARGET_NAME)";
				SWIFT_VERSION = 5.0;
				TARGETED_DEVICE_FAMILY = "1,2";
				TEST_TARGET_NAME = Second;
			};
			name = Debug;
		};
		8430556A259B6BF300DB5520 /* Release */ = {
			isa = XCBuildConfiguration;
			buildSettings = {
				ALWAYS_EMBED_SWIFT_STANDARD_LIBRARIES = YES;
				CODE_SIGN_STYLE = Automatic;
				INFOPLIST_FILE = SecondUITests/Info.plist;
				LD_RUNPATH_SEARCH_PATHS = (
					"$(inherited)",
					"@executable_path/Frameworks",
					"@loader_path/Frameworks",
				);
				PRODUCT_BUNDLE_IDENTIFIER = stiwhuuysinc.SecondUITests;
				PRODUCT_NAME = "$(TARGET_NAME)";
				SWIFT_VERSION = 5.0;
				TARGETED_DEVICE_FAMILY = "1,2";
				TEST_TARGET_NAME = Second;
			};
			name = Release;
		};
/* End XCBuildConfiguration section */

/* Begin XCConfigurationList section */
		84305533259B6BF100DB5520 /* Build configuration list for PBXProject "Second" */ = {
			isa = XCConfigurationList;
			buildConfigurations = (
				84305560259B6BF300DB5520 /* Debug */,
				84305561259B6BF300DB5520 /* Release */,
			);
			defaultConfigurationIsVisible = 0;
			defaultConfigurationName = Release;
		};
		84305562259B6BF300DB5520 /* Build configuration list for PBXNativeTarget "Second" */ = {
			isa = XCConfigurationList;
			buildConfigurations = (
				84305563259B6BF300DB5520 /* Debug */,
				84305564259B6BF300DB5520 /* Release */,
			);
			defaultConfigurationIsVisible = 0;
			defaultConfigurationName = Release;
		};
		84305565259B6BF300DB5520 /* Build configuration list for PBXNativeTarget "SecondTests" */ = {
			isa = XCConfigurationList;
			buildConfigurations = (
				84305566259B6BF300DB5520 /* Debug */,
				84305567259B6BF300DB5520 /* Release */,
			);
			defaultConfigurationIsVisible = 0;
			defaultConfigurationName = Release;
		};
		84305568259B6BF300DB5520 /* Build configuration list for PBXNativeTarget "SecondUITests" */ = {
			isa = XCConfigurationList;
			buildConfigurations = (
				84305569259B6BF300DB5520 /* Debug */,
				8430556A259B6BF300DB5520 /* Release */,
			);
			defaultConfigurationIsVisible = 0;
			defaultConfigurationName = Release;
		};
/* End XCConfigurationList section */
	};
	rootObject = 84305530259B6BF100DB5520 /* Project object */;
}
